
Microsoft Visual Studio Solution File, Format Version 12.00
# Visual Studio Version 17
VisualStudioVersion = 17.0.31903.59
MinimumVisualStudioVersion = 10.0.40219.1
Project("{2150E333-8FDC-42A3-9474-1A3956D46DE8}") = "BuildingBlocks", "BuildingBlocks", "{7266C4A9-E384-DC00-0EB6-47F6002CFBA7}"
EndProject
Project("{2150E333-8FDC-42A3-9474-1A3956D46DE8}") = "Domain", "Domain", "{40989E0B-D64C-46ED-21F8-707E8BBF6E02}"
EndProject
Project("{FAE04EC0-301F-11D3-BF4B-00C04F79EFBC}") = "Hababk.BuildingBlocks.Domain", "BuildingBlocks\Domain\Hababk.BuildingBlocks.Domain.csproj", "{F0EEDCF1-9DFF-4357-9F2A-E6DAEB73661E}"
EndProject
Project("{2150E333-8FDC-42A3-9474-1A3956D46DE8}") = "Application", "Application", "{328D8444-6DE6-A52E-F3CF-45F39437F3B2}"
EndProject
Project("{FAE04EC0-301F-11D3-BF4B-00C04F79EFBC}") = "Hababk.BuildingBlocks.Application", "BuildingBlocks\Application\Hababk.BuildingBlocks.Application.csproj", "{E7AEBF74-51C2-481A-8FE1-42DAFC2B8435}"
EndProject
Project("{2150E333-8FDC-42A3-9474-1A3956D46DE8}") = "Infrastructure", "Infrastructure", "{F8F4539D-0082-74A4-1D92-510706789366}"
EndProject
Project("{FAE04EC0-301F-11D3-BF4B-00C04F79EFBC}") = "Hababk.BuildingBlocks.Infrastructure", "BuildingBlocks\Infrastructure\Hababk.BuildingBlocks.Infrastructure.csproj", "{846B5F76-0E92-450C-BCCE-36B084EEA7DB}"
EndProject
Project("{2150E333-8FDC-42A3-9474-1A3956D46DE8}") = "Modules", "Modules", "{CA253913-39DE-BFD0-C9A3-4B7EC6FBDF17}"
EndProject
Project("{2150E333-8FDC-42A3-9474-1A3956D46DE8}") = "Catalogs", "Catalogs", "{A6A324F9-C6B3-D455-E8E3-4A9A4611CD06}"
EndProject
Project("{2150E333-8FDC-42A3-9474-1A3956D46DE8}") = "Application", "Application", "{74415BE4-CC34-211D-0C22-3E0412E867B1}"
EndProject
Project("{FAE04EC0-301F-11D3-BF4B-00C04F79EFBC}") = "Hababk.Modules.Catalogs.Application", "Modules\Catalogs\Application\Hababk.Modules.Catalogs.Application.csproj", "{3C52354D-EE3E-4BB3-A118-9404DDD56446}"
EndProject
Project("{2150E333-8FDC-42A3-9474-1A3956D46DE8}") = "Domain", "Domain", "{FDE36ECA-CA2A-301E-C31E-A4E254B6D0A1}"
EndProject
Project("{FAE04EC0-301F-11D3-BF4B-00C04F79EFBC}") = "Hababk.Modules.Catalogs.Domain", "Modules\Catalogs\Domain\Hababk.Modules.Catalogs.Domain.csproj", "{1F4AE3BE-2922-4DDD-9109-77237DE0FDAF}"
EndProject
Project("{2150E333-8FDC-42A3-9474-1A3956D46DE8}") = "Infrastructure", "Infrastructure", "{CAA2930F-9D56-8DBA-A3DB-6DFA51D0ED9C}"
EndProject
Project("{FAE04EC0-301F-11D3-BF4B-00C04F79EFBC}") = "Hababk.Modules.Catalogs.Infrastructure", "Modules\Catalogs\Infrastructure\Hababk.Modules.Catalogs.Infrastructure.csproj", "{9339E8F3-BEB3-41E9-8B6E-7E2B5751B5D9}"
EndProject
Project("{2150E333-8FDC-42A3-9474-1A3956D46DE8}") = "Stores", "Stores", "{79B0A200-11F4-5623-6623-BD5AB7C8080C}"
EndProject
Project("{2150E333-8FDC-42A3-9474-1A3956D46DE8}") = "Domain", "Domain", "{A4F4175C-4575-2E9C-38A0-D3F298D2D1A4}"
EndProject
Project("{FAE04EC0-301F-11D3-BF4B-00C04F79EFBC}") = "Hababk.Modules.Stores.Domain", "Modules\Stores\Domain\Hababk.Modules.Stores.Domain.csproj", "{4854ADDB-D888-4A05-BCBA-CCADA6BAA08C}"
EndProject
Project("{FAE04EC0-301F-11D3-BF4B-00C04F79EFBC}") = "Hababk.Modules.Stores.Application", "Modules\Stores\Application\Hababk.Modules.Stores.Application.csproj", "{A9903410-9FC5-4FD5-84AA-CEA8B00F5D76}"
EndProject
Project("{FAE04EC0-301F-11D3-BF4B-00C04F79EFBC}") = "Hababk.Modules.Stores.Infrastructure", "Modules\Stores\Infrastructure\Hababk.Modules.Stores.Infrastructure.csproj", "{5D9325B3-27A9-4181-9B77-706DCCBD7AFF}"
EndProject
Project("{2150E333-8FDC-42A3-9474-1A3956D46DE8}") = "Api", "Api", "{D82C56D6-B2CD-F611-9E31-04638F7EC30E}"
EndProject
Project("{FAE04EC0-301F-11D3-BF4B-00C04F79EFBC}") = "Hababk.Api", "Api\Hababk.Api.csproj", "{FC46ADB7-4651-4523-92A6-DDF39A8A29B7}"
EndProject
Project("{2150E333-8FDC-42A3-9474-1A3956D46DE8}") = "Application", "Application", "{18283293-4BA1-4BC7-81C7-78830AE2C55F}"
EndProject
Project("{2150E333-8FDC-42A3-9474-1A3956D46DE8}") = "Infrastructure", "Infrastructure", "{886E0B84-66CE-4BCF-8EB5-43E78F050B36}"
EndProject
Project("{2150E333-8FDC-42A3-9474-1A3956D46DE8}") = "Identities", "Identities", "{A5F2919F-7B98-235B-F9FF-07CF5E8CA663}"
EndProject
Project("{2150E333-8FDC-42A3-9474-1A3956D46DE8}") = "Domain", "Domain", "{B802B8DE-B923-97F4-D9DE-FEDD984E5683}"
EndProject
Project("{FAE04EC0-301F-11D3-BF4B-00C04F79EFBC}") = "Hababk.Modules.Identities.Domain", "Modules\Identities\Domain\Hababk.Modules.Identities.Domain.csproj", "{B9366F5C-569E-4192-A66E-CA54487FB9EA}"
EndProject
Project("{2150E333-8FDC-42A3-9474-1A3956D46DE8}") = "Application", "Application", "{5823602C-06EF-27EB-E902-F53F23CD2445}"
EndProject
Project("{FAE04EC0-301F-11D3-BF4B-00C04F79EFBC}") = "Hababk.Modules.Identities.Application", "Modules\Identities\Application\Hababk.Modules.Identities.Application.csproj", "{7FF0CF90-388F-4583-B88A-24B3BC504304}"
EndProject
Project("{2150E333-8FDC-42A3-9474-1A3956D46DE8}") = "Infrastructure", "Infrastructure", "{21989885-B9B2-24C0-50C9-37BECF031E3E}"
EndProject
Project("{FAE04EC0-301F-11D3-BF4B-00C04F79EFBC}") = "Hababk.Modules.Identities.Infrastructure", "Modules\Identities\Infrastructure\Hababk.Modules.Identities.Infrastructure.csproj", "{77860151-0199-4497-9087-18528719CDE9}"
EndProject
Global
	GlobalSection(SolutionConfigurationPlatforms) = preSolution
		Debug|Any CPU = Debug|Any CPU
		Debug|x64 = Debug|x64
		Debug|x86 = Debug|x86
		Release|Any CPU = Release|Any CPU
		Release|x64 = Release|x64
		Release|x86 = Release|x86
	EndGlobalSection
	GlobalSection(ProjectConfigurationPlatforms) = postSolution
		{F0EEDCF1-9DFF-4357-9F2A-E6DAEB73661E}.Debug|Any CPU.ActiveCfg = Debug|Any CPU
		{F0EEDCF1-9DFF-4357-9F2A-E6DAEB73661E}.Debug|Any CPU.Build.0 = Debug|Any CPU
		{F0EEDCF1-9DFF-4357-9F2A-E6DAEB73661E}.Debug|x64.ActiveCfg = Debug|Any CPU
		{F0EEDCF1-9DFF-4357-9F2A-E6DAEB73661E}.Debug|x64.Build.0 = Debug|Any CPU
		{F0EEDCF1-9DFF-4357-9F2A-E6DAEB73661E}.Debug|x86.ActiveCfg = Debug|Any CPU
		{F0EEDCF1-9DFF-4357-9F2A-E6DAEB73661E}.Debug|x86.Build.0 = Debug|Any CPU
		{F0EEDCF1-9DFF-4357-9F2A-E6DAEB73661E}.Release|Any CPU.ActiveCfg = Release|Any CPU
		{F0EEDCF1-9DFF-4357-9F2A-E6DAEB73661E}.Release|Any CPU.Build.0 = Release|Any CPU
		{F0EEDCF1-9DFF-4357-9F2A-E6DAEB73661E}.Release|x64.ActiveCfg = Release|Any CPU
		{F0EEDCF1-9DFF-4357-9F2A-E6DAEB73661E}.Release|x64.Build.0 = Release|Any CPU
		{F0EEDCF1-9DFF-4357-9F2A-E6DAEB73661E}.Release|x86.ActiveCfg = Release|Any CPU
		{F0EEDCF1-9DFF-4357-9F2A-E6DAEB73661E}.Release|x86.Build.0 = Release|Any CPU
		{E7AEBF74-51C2-481A-8FE1-42DAFC2B8435}.Debug|Any CPU.ActiveCfg = Debug|Any CPU
		{E7AEBF74-51C2-481A-8FE1-42DAFC2B8435}.Debug|Any CPU.Build.0 = Debug|Any CPU
		{E7AEBF74-51C2-481A-8FE1-42DAFC2B8435}.Debug|x64.ActiveCfg = Debug|Any CPU
		{E7AEBF74-51C2-481A-8FE1-42DAFC2B8435}.Debug|x64.Build.0 = Debug|Any CPU
		{E7AEBF74-51C2-481A-8FE1-42DAFC2B8435}.Debug|x86.ActiveCfg = Debug|Any CPU
		{E7AEBF74-51C2-481A-8FE1-42DAFC2B8435}.Debug|x86.Build.0 = Debug|Any CPU
		{E7AEBF74-51C2-481A-8FE1-42DAFC2B8435}.Release|Any CPU.ActiveCfg = Release|Any CPU
		{E7AEBF74-51C2-481A-8FE1-42DAFC2B8435}.Release|Any CPU.Build.0 = Release|Any CPU
		{E7AEBF74-51C2-481A-8FE1-42DAFC2B8435}.Release|x64.ActiveCfg = Release|Any CPU
		{E7AEBF74-51C2-481A-8FE1-42DAFC2B8435}.Release|x64.Build.0 = Release|Any CPU
		{E7AEBF74-51C2-481A-8FE1-42DAFC2B8435}.Release|x86.ActiveCfg = Release|Any CPU
		{E7AEBF74-51C2-481A-8FE1-42DAFC2B8435}.Release|x86.Build.0 = Release|Any CPU
		{846B5F76-0E92-450C-BCCE-36B084EEA7DB}.Debug|Any CPU.ActiveCfg = Debug|Any CPU
		{846B5F76-0E92-450C-BCCE-36B084EEA7DB}.Debug|Any CPU.Build.0 = Debug|Any CPU
		{846B5F76-0E92-450C-BCCE-36B084EEA7DB}.Debug|x64.ActiveCfg = Debug|Any CPU
		{846B5F76-0E92-450C-BCCE-36B084EEA7DB}.Debug|x64.Build.0 = Debug|Any CPU
		{846B5F76-0E92-450C-BCCE-36B084EEA7DB}.Debug|x86.ActiveCfg = Debug|Any CPU
		{846B5F76-0E92-450C-BCCE-36B084EEA7DB}.Debug|x86.Build.0 = Debug|Any CPU
		{846B5F76-0E92-450C-BCCE-36B084EEA7DB}.Release|Any CPU.ActiveCfg = Release|Any CPU
		{846B5F76-0E92-450C-BCCE-36B084EEA7DB}.Release|Any CPU.Build.0 = Release|Any CPU
		{846B5F76-0E92-450C-BCCE-36B084EEA7DB}.Release|x64.ActiveCfg = Release|Any CPU
		{846B5F76-0E92-450C-BCCE-36B084EEA7DB}.Release|x64.Build.0 = Release|Any CPU
		{846B5F76-0E92-450C-BCCE-36B084EEA7DB}.Release|x86.ActiveCfg = Release|Any CPU
		{846B5F76-0E92-450C-BCCE-36B084EEA7DB}.Release|x86.Build.0 = Release|Any CPU
		{3C52354D-EE3E-4BB3-A118-9404DDD56446}.Debug|Any CPU.ActiveCfg = Debug|Any CPU
		{3C52354D-EE3E-4BB3-A118-9404DDD56446}.Debug|Any CPU.Build.0 = Debug|Any CPU
		{3C52354D-EE3E-4BB3-A118-9404DDD56446}.Debug|x64.ActiveCfg = Debug|Any CPU
		{3C52354D-EE3E-4BB3-A118-9404DDD56446}.Debug|x64.Build.0 = Debug|Any CPU
		{3C52354D-EE3E-4BB3-A118-9404DDD56446}.Debug|x86.ActiveCfg = Debug|Any CPU
		{3C52354D-EE3E-4BB3-A118-9404DDD56446}.Debug|x86.Build.0 = Debug|Any CPU
		{3C52354D-EE3E-4BB3-A118-9404DDD56446}.Release|Any CPU.ActiveCfg = Release|Any CPU
		{3C52354D-EE3E-4BB3-A118-9404DDD56446}.Release|Any CPU.Build.0 = Release|Any CPU
		{3C52354D-EE3E-4BB3-A118-9404DDD56446}.Release|x64.ActiveCfg = Release|Any CPU
		{3C52354D-EE3E-4BB3-A118-9404DDD56446}.Release|x64.Build.0 = Release|Any CPU
		{3C52354D-EE3E-4BB3-A118-9404DDD56446}.Release|x86.ActiveCfg = Release|Any CPU
		{3C52354D-EE3E-4BB3-A118-9404DDD56446}.Release|x86.Build.0 = Release|Any CPU
		{1F4AE3BE-2922-4DDD-9109-77237DE0FDAF}.Debug|Any CPU.ActiveCfg = Debug|Any CPU
		{1F4AE3BE-2922-4DDD-9109-77237DE0FDAF}.Debug|Any CPU.Build.0 = Debug|Any CPU
		{1F4AE3BE-2922-4DDD-9109-77237DE0FDAF}.Debug|x64.ActiveCfg = Debug|Any CPU
		{1F4AE3BE-2922-4DDD-9109-77237DE0FDAF}.Debug|x64.Build.0 = Debug|Any CPU
		{1F4AE3BE-2922-4DDD-9109-77237DE0FDAF}.Debug|x86.ActiveCfg = Debug|Any CPU
		{1F4AE3BE-2922-4DDD-9109-77237DE0FDAF}.Debug|x86.Build.0 = Debug|Any CPU
		{1F4AE3BE-2922-4DDD-9109-77237DE0FDAF}.Release|Any CPU.ActiveCfg = Release|Any CPU
		{1F4AE3BE-2922-4DDD-9109-77237DE0FDAF}.Release|Any CPU.Build.0 = Release|Any CPU
		{1F4AE3BE-2922-4DDD-9109-77237DE0FDAF}.Release|x64.ActiveCfg = Release|Any CPU
		{1F4AE3BE-2922-4DDD-9109-77237DE0FDAF}.Release|x64.Build.0 = Release|Any CPU
		{1F4AE3BE-2922-4DDD-9109-77237DE0FDAF}.Release|x86.ActiveCfg = Release|Any CPU
		{1F4AE3BE-2922-4DDD-9109-77237DE0FDAF}.Release|x86.Build.0 = Release|Any CPU
		{9339E8F3-BEB3-41E9-8B6E-7E2B5751B5D9}.Debug|Any CPU.ActiveCfg = Debug|Any CPU
		{9339E8F3-BEB3-41E9-8B6E-7E2B5751B5D9}.Debug|Any CPU.Build.0 = Debug|Any CPU
		{9339E8F3-BEB3-41E9-8B6E-7E2B5751B5D9}.Debug|x64.ActiveCfg = Debug|Any CPU
		{9339E8F3-BEB3-41E9-8B6E-7E2B5751B5D9}.Debug|x64.Build.0 = Debug|Any CPU
		{9339E8F3-BEB3-41E9-8B6E-7E2B5751B5D9}.Debug|x86.ActiveCfg = Debug|Any CPU
		{9339E8F3-BEB3-41E9-8B6E-7E2B5751B5D9}.Debug|x86.Build.0 = Debug|Any CPU
		{9339E8F3-BEB3-41E9-8B6E-7E2B5751B5D9}.Release|Any CPU.ActiveCfg = Release|Any CPU
		{9339E8F3-BEB3-41E9-8B6E-7E2B5751B5D9}.Release|Any CPU.Build.0 = Release|Any CPU
		{9339E8F3-BEB3-41E9-8B6E-7E2B5751B5D9}.Release|x64.ActiveCfg = Release|Any CPU
		{9339E8F3-BEB3-41E9-8B6E-7E2B5751B5D9}.Release|x64.Build.0 = Release|Any CPU
		{9339E8F3-BEB3-41E9-8B6E-7E2B5751B5D9}.Release|x86.ActiveCfg = Release|Any CPU
		{9339E8F3-BEB3-41E9-8B6E-7E2B5751B5D9}.Release|x86.Build.0 = Release|Any CPU
		{4854ADDB-D888-4A05-BCBA-CCADA6BAA08C}.Debug|Any CPU.ActiveCfg = Debug|Any CPU
		{4854ADDB-D888-4A05-BCBA-CCADA6BAA08C}.Debug|Any CPU.Build.0 = Debug|Any CPU
		{4854ADDB-D888-4A05-BCBA-CCADA6BAA08C}.Debug|x64.ActiveCfg = Debug|Any CPU
		{4854ADDB-D888-4A05-BCBA-CCADA6BAA08C}.Debug|x64.Build.0 = Debug|Any CPU
		{4854ADDB-D888-4A05-BCBA-CCADA6BAA08C}.Debug|x86.ActiveCfg = Debug|Any CPU
		{4854ADDB-D888-4A05-BCBA-CCADA6BAA08C}.Debug|x86.Build.0 = Debug|Any CPU
		{4854ADDB-D888-4A05-BCBA-CCADA6BAA08C}.Release|Any CPU.ActiveCfg = Release|Any CPU
		{4854ADDB-D888-4A05-BCBA-CCADA6BAA08C}.Release|Any CPU.Build.0 = Release|Any CPU
		{4854ADDB-D888-4A05-BCBA-CCADA6BAA08C}.Release|x64.ActiveCfg = Release|Any CPU
		{4854ADDB-D888-4A05-BCBA-CCADA6BAA08C}.Release|x64.Build.0 = Release|Any CPU
		{4854ADDB-D888-4A05-BCBA-CCADA6BAA08C}.Release|x86.ActiveCfg = Release|Any CPU
		{4854ADDB-D888-4A05-BCBA-CCADA6BAA08C}.Release|x86.Build.0 = Release|Any CPU
		{A9903410-9FC5-4FD5-84AA-CEA8B00F5D76}.Debug|Any CPU.ActiveCfg = Debug|Any CPU
		{A9903410-9FC5-4FD5-84AA-CEA8B00F5D76}.Debug|Any CPU.Build.0 = Debug|Any CPU
		{A9903410-9FC5-4FD5-84AA-CEA8B00F5D76}.Debug|x64.ActiveCfg = Debug|Any CPU
		{A9903410-9FC5-4FD5-84AA-CEA8B00F5D76}.Debug|x64.Build.0 = Debug|Any CPU
		{A9903410-9FC5-4FD5-84AA-CEA8B00F5D76}.Debug|x86.ActiveCfg = Debug|Any CPU
		{A9903410-9FC5-4FD5-84AA-CEA8B00F5D76}.Debug|x86.Build.0 = Debug|Any CPU
		{A9903410-9FC5-4FD5-84AA-CEA8B00F5D76}.Release|Any CPU.ActiveCfg = Release|Any CPU
		{A9903410-9FC5-4FD5-84AA-CEA8B00F5D76}.Release|Any CPU.Build.0 = Release|Any CPU
		{A9903410-9FC5-4FD5-84AA-CEA8B00F5D76}.Release|x64.ActiveCfg = Release|Any CPU
		{A9903410-9FC5-4FD5-84AA-CEA8B00F5D76}.Release|x64.Build.0 = Release|Any CPU
		{A9903410-9FC5-4FD5-84AA-CEA8B00F5D76}.Release|x86.ActiveCfg = Release|Any CPU
		{A9903410-9FC5-4FD5-84AA-CEA8B00F5D76}.Release|x86.Build.0 = Release|Any CPU
		{5D9325B3-27A9-4181-9B77-706DCCBD7AFF}.Debug|Any CPU.ActiveCfg = Debug|Any CPU
		{5D9325B3-27A9-4181-9B77-706DCCBD7AFF}.Debug|Any CPU.Build.0 = Debug|Any CPU
		{5D9325B3-27A9-4181-9B77-706DCCBD7AFF}.Debug|x64.ActiveCfg = Debug|Any CPU
		{5D9325B3-27A9-4181-9B77-706DCCBD7AFF}.Debug|x64.Build.0 = Debug|Any CPU
		{5D9325B3-27A9-4181-9B77-706DCCBD7AFF}.Debug|x86.ActiveCfg = Debug|Any CPU
		{5D9325B3-27A9-4181-9B77-706DCCBD7AFF}.Debug|x86.Build.0 = Debug|Any CPU
		{5D9325B3-27A9-4181-9B77-706DCCBD7AFF}.Release|Any CPU.ActiveCfg = Release|Any CPU
		{5D9325B3-27A9-4181-9B77-706DCCBD7AFF}.Release|Any CPU.Build.0 = Release|Any CPU
		{5D9325B3-27A9-4181-9B77-706DCCBD7AFF}.Release|x64.ActiveCfg = Release|Any CPU
		{5D9325B3-27A9-4181-9B77-706DCCBD7AFF}.Release|x64.Build.0 = Release|Any CPU
		{5D9325B3-27A9-4181-9B77-706DCCBD7AFF}.Release|x86.ActiveCfg = Release|Any CPU
		{5D9325B3-27A9-4181-9B77-706DCCBD7AFF}.Release|x86.Build.0 = Release|Any CPU
		{FC46ADB7-4651-4523-92A6-DDF39A8A29B7}.Debug|Any CPU.ActiveCfg = Debug|Any CPU
		{FC46ADB7-4651-4523-92A6-DDF39A8A29B7}.Debug|Any CPU.Build.0 = Debug|Any CPU
		{FC46ADB7-4651-4523-92A6-DDF39A8A29B7}.Debug|x64.ActiveCfg = Debug|Any CPU
		{FC46ADB7-4651-4523-92A6-DDF39A8A29B7}.Debug|x64.Build.0 = Debug|Any CPU
		{FC46ADB7-4651-4523-92A6-DDF39A8A29B7}.Debug|x86.ActiveCfg = Debug|Any CPU
		{FC46ADB7-4651-4523-92A6-DDF39A8A29B7}.Debug|x86.Build.0 = Debug|Any CPU
		{FC46ADB7-4651-4523-92A6-DDF39A8A29B7}.Release|Any CPU.ActiveCfg = Release|Any CPU
		{FC46ADB7-4651-4523-92A6-DDF39A8A29B7}.Release|Any CPU.Build.0 = Release|Any CPU
		{FC46ADB7-4651-4523-92A6-DDF39A8A29B7}.Release|x64.ActiveCfg = Release|Any CPU
		{FC46ADB7-4651-4523-92A6-DDF39A8A29B7}.Release|x64.Build.0 = Release|Any CPU
		{FC46ADB7-4651-4523-92A6-DDF39A8A29B7}.Release|x86.ActiveCfg = Release|Any CPU
		{FC46ADB7-4651-4523-92A6-DDF39A8A29B7}.Release|x86.Build.0 = Release|Any CPU
		{B9366F5C-569E-4192-A66E-CA54487FB9EA}.Debug|Any CPU.ActiveCfg = Debug|Any CPU
		{B9366F5C-569E-4192-A66E-CA54487FB9EA}.Debug|Any CPU.Build.0 = Debug|Any CPU
		{B9366F5C-569E-4192-A66E-CA54487FB9EA}.Debug|x64.ActiveCfg = Debug|Any CPU
		{B9366F5C-569E-4192-A66E-CA54487FB9EA}.Debug|x64.Build.0 = Debug|Any CPU
		{B9366F5C-569E-4192-A66E-CA54487FB9EA}.Debug|x86.ActiveCfg = Debug|Any CPU
		{B9366F5C-569E-4192-A66E-CA54487FB9EA}.Debug|x86.Build.0 = Debug|Any CPU
		{B9366F5C-569E-4192-A66E-CA54487FB9EA}.Release|Any CPU.ActiveCfg = Release|Any CPU
		{B9366F5C-569E-4192-A66E-CA54487FB9EA}.Release|Any CPU.Build.0 = Release|Any CPU
		{B9366F5C-569E-4192-A66E-CA54487FB9EA}.Release|x64.ActiveCfg = Release|Any CPU
		{B9366F5C-569E-4192-A66E-CA54487FB9EA}.Release|x64.Build.0 = Release|Any CPU
		{B9366F5C-569E-4192-A66E-CA54487FB9EA}.Release|x86.ActiveCfg = Release|Any CPU
		{B9366F5C-569E-4192-A66E-CA54487FB9EA}.Release|x86.Build.0 = Release|Any CPU
		{7FF0CF90-388F-4583-B88A-24B3BC504304}.Debug|Any CPU.ActiveCfg = Debug|Any CPU
		{7FF0CF90-388F-4583-B88A-24B3BC504304}.Debug|Any CPU.Build.0 = Debug|Any CPU
		{7FF0CF90-388F-4583-B88A-24B3BC504304}.Debug|x64.ActiveCfg = Debug|Any CPU
		{7FF0CF90-388F-4583-B88A-24B3BC504304}.Debug|x64.Build.0 = Debug|Any CPU
		{7FF0CF90-388F-4583-B88A-24B3BC504304}.Debug|x86.ActiveCfg = Debug|Any CPU
		{7FF0CF90-388F-4583-B88A-24B3BC504304}.Debug|x86.Build.0 = Debug|Any CPU
		{7FF0CF90-388F-4583-B88A-24B3BC504304}.Release|Any CPU.ActiveCfg = Release|Any CPU
		{7FF0CF90-388F-4583-B88A-24B3BC504304}.Release|Any CPU.Build.0 = Release|Any CPU
		{7FF0CF90-388F-4583-B88A-24B3BC504304}.Release|x64.ActiveCfg = Release|Any CPU
		{7FF0CF90-388F-4583-B88A-24B3BC504304}.Release|x64.Build.0 = Release|Any CPU
		{7FF0CF90-388F-4583-B88A-24B3BC504304}.Release|x86.ActiveCfg = Release|Any CPU
		{7FF0CF90-388F-4583-B88A-24B3BC504304}.Release|x86.Build.0 = Release|Any CPU
		{77860151-0199-4497-9087-18528719CDE9}.Debug|Any CPU.ActiveCfg = Debug|Any CPU
		{77860151-0199-4497-9087-18528719CDE9}.Debug|Any CPU.Build.0 = Debug|Any CPU
		{77860151-0199-4497-9087-18528719CDE9}.Debug|x64.ActiveCfg = Debug|Any CPU
		{77860151-0199-4497-9087-18528719CDE9}.Debug|x64.Build.0 = Debug|Any CPU
		{77860151-0199-4497-9087-18528719CDE9}.Debug|x86.ActiveCfg = Debug|Any CPU
		{77860151-0199-4497-9087-18528719CDE9}.Debug|x86.Build.0 = Debug|Any CPU
		{77860151-0199-4497-9087-18528719CDE9}.Release|Any CPU.ActiveCfg = Release|Any CPU
		{77860151-0199-4497-9087-18528719CDE9}.Release|Any CPU.Build.0 = Release|Any CPU
		{77860151-0199-4497-9087-18528719CDE9}.Release|x64.ActiveCfg = Release|Any CPU
		{77860151-0199-4497-9087-18528719CDE9}.Release|x64.Build.0 = Release|Any CPU
		{77860151-0199-4497-9087-18528719CDE9}.Release|x86.ActiveCfg = Release|Any CPU
		{77860151-0199-4497-9087-18528719CDE9}.Release|x86.Build.0 = Release|Any CPU
	EndGlobalSection
	GlobalSection(SolutionProperties) = preSolution
		HideSolutionNode = FALSE
	EndGlobalSection
	GlobalSection(NestedProjects) = preSolution
		{40989E0B-D64C-46ED-21F8-707E8BBF6E02} = {7266C4A9-E384-DC00-0EB6-47F6002CFBA7}
		{F0EEDCF1-9DFF-4357-9F2A-E6DAEB73661E} = {40989E0B-D64C-46ED-21F8-707E8BBF6E02}
		{328D8444-6DE6-A52E-F3CF-45F39437F3B2} = {7266C4A9-E384-DC00-0EB6-47F6002CFBA7}
		{E7AEBF74-51C2-481A-8FE1-42DAFC2B8435} = {328D8444-6DE6-A52E-F3CF-45F39437F3B2}
		{F8F4539D-0082-74A4-1D92-510706789366} = {7266C4A9-E384-DC00-0EB6-47F6002CFBA7}
		{846B5F76-0E92-450C-BCCE-36B084EEA7DB} = {F8F4539D-0082-74A4-1D92-510706789366}
		{A6A324F9-C6B3-D455-E8E3-4A9A4611CD06} = {CA253913-39DE-BFD0-C9A3-4B7EC6FBDF17}
		{74415BE4-CC34-211D-0C22-3E0412E867B1} = {A6A324F9-C6B3-D455-E8E3-4A9A4611CD06}
		{3C52354D-EE3E-4BB3-A118-9404DDD56446} = {74415BE4-CC34-211D-0C22-3E0412E867B1}
		{FDE36ECA-CA2A-301E-C31E-A4E254B6D0A1} = {A6A324F9-C6B3-D455-E8E3-4A9A4611CD06}
		{1F4AE3BE-2922-4DDD-9109-77237DE0FDAF} = {FDE36ECA-CA2A-301E-C31E-A4E254B6D0A1}
		{CAA2930F-9D56-8DBA-A3DB-6DFA51D0ED9C} = {A6A324F9-C6B3-D455-E8E3-4A9A4611CD06}
		{9339E8F3-BEB3-41E9-8B6E-7E2B5751B5D9} = {CAA2930F-9D56-8DBA-A3DB-6DFA51D0ED9C}
		{79B0A200-11F4-5623-6623-BD5AB7C8080C} = {CA253913-39DE-BFD0-C9A3-4B7EC6FBDF17}
		{A4F4175C-4575-2E9C-38A0-D3F298D2D1A4} = {79B0A200-11F4-5623-6623-BD5AB7C8080C}
		{4854ADDB-D888-4A05-BCBA-CCADA6BAA08C} = {A4F4175C-4575-2E9C-38A0-D3F298D2D1A4}
		{A9903410-9FC5-4FD5-84AA-CEA8B00F5D76} = {18283293-4BA1-4BC7-81C7-78830AE2C55F}
		{5D9325B3-27A9-4181-9B77-706DCCBD7AFF} = {886E0B84-66CE-4BCF-8EB5-43E78F050B36}
		{FC46ADB7-4651-4523-92A6-DDF39A8A29B7} = {D82C56D6-B2CD-F611-9E31-04638F7EC30E}
		{18283293-4BA1-4BC7-81C7-78830AE2C55F} = {79B0A200-11F4-5623-6623-BD5AB7C8080C}
		{886E0B84-66CE-4BCF-8EB5-43E78F050B36} = {79B0A200-11F4-5623-6623-BD5AB7C8080C}
		{A5F2919F-7B98-235B-F9FF-07CF5E8CA663} = {CA253913-39DE-BFD0-C9A3-4B7EC6FBDF17}
		{B802B8DE-B923-97F4-D9DE-FEDD984E5683} = {A5F2919F-7B98-235B-F9FF-07CF5E8CA663}
		{B9366F5C-569E-4192-A66E-CA54487FB9EA} = {B802B8DE-B923-97F4-D9DE-FEDD984E5683}
		{5823602C-06EF-27EB-E902-F53F23CD2445} = {A5F2919F-7B98-235B-F9FF-07CF5E8CA663}
		{7FF0CF90-388F-4583-B88A-24B3BC504304} = {5823602C-06EF-27EB-E902-F53F23CD2445}
		{21989885-B9B2-24C0-50C9-37BECF031E3E} = {A5F2919F-7B98-235B-F9FF-07CF5E8CA663}
		{77860151-0199-4497-9087-18528719CDE9} = {21989885-B9B2-24C0-50C9-37BECF031E3E}
	EndGlobalSection
EndGlobal
